
Microsoft Visual Studio Solution File, Format Version 12.00
# Visual Studio Version 17
VisualStudioVersion = 17.8.34322.80
MinimumVisualStudioVersion = 10.0.40219.1
Project("{FAE04EC0-301F-11D3-BF4B-00C04F79EFBC}") = "Good Food 2016", "Good Food 2016.csproj", "{BA359A1A-5701-4D35-B554-7CF3BE107630}"
EndProject
Global
	GlobalSection(SolutionConfigurationPlatforms) = preSolution
		Debug|Any CPU = Debug|Any CPU
		Release|Any CPU = Release|Any CPU
	EndGlobalSection
	GlobalSection(ProjectConfigurationPlatforms) = postSolution
		{BA359A1A-5701-4D35-B554-7CF3BE107630}.Debug|Any CPU.ActiveCfg = Debug|Any CPU
		{BA359A1A-5701-4D35-B554-7CF3BE107630}.Debug|Any CPU.Build.0 = Debug|Any CPU
		{BA359A1A-5701-4D35-B554-7CF3BE107630}.Release|Any CPU.ActiveCfg = Release|Any CPU
		{BA359A1A-5701-4D35-B554-7CF3BE107630}.Release|Any CPU.Build.0 = Release|Any CPU
	EndGlobalSection
	GlobalSection(SolutionProperties) = preSolution
		HideSolutionNode = FALSE
	EndGlobalSection
	GlobalSection(ExtensibilityGlobals) = postSolution
		SolutionGuid = {CE072C65-471C-49A7-9D93-CDD03E66E731}
	EndGlobalSection
EndGlobal
